
Microsoft Visual Studio Solution File, Format Version 12.00
Project("{FAE04EC0-301F-11D3-BF4B-00C04F79EFBC}") = "Bot", "Bot\Bot.csproj", "{91F02821-6AFA-4CC4-BDD9-2367F5ED9D45}"
EndProject
Project("{FAE04EC0-301F-11D3-BF4B-00C04F79EFBC}") = "Application", "Application\Application.csproj", "{50E697DF-80C2-42AA-A343-906E142126CF}"
EndProject
Project("{FAE04EC0-301F-11D3-BF4B-00C04F79EFBC}") = "Persistance", "Persistance\Persistance.csproj", "{2A6EA5C8-B5BC-4E2A-8EF9-99273F33D212}"
EndProject
Global
	GlobalSection(SolutionConfigurationPlatforms) = preSolution
		Debug|Any CPU = Debug|Any CPU
		Release|Any CPU = Release|Any CPU
	EndGlobalSection
	GlobalSection(ProjectConfigurationPlatforms) = postSolution
		{91F02821-6AFA-4CC4-BDD9-2367F5ED9D45}.Debug|Any CPU.ActiveCfg = Debug|Any CPU
		{91F02821-6AFA-4CC4-BDD9-2367F5ED9D45}.Debug|Any CPU.Build.0 = Debug|Any CPU
		{91F02821-6AFA-4CC4-BDD9-2367F5ED9D45}.Release|Any CPU.ActiveCfg = Release|Any CPU
		{91F02821-6AFA-4CC4-BDD9-2367F5ED9D45}.Release|Any CPU.Build.0 = Release|Any CPU
		{50E697DF-80C2-42AA-A343-906E142126CF}.Debug|Any CPU.ActiveCfg = Debug|Any CPU
		{50E697DF-80C2-42AA-A343-906E142126CF}.Debug|Any CPU.Build.0 = Debug|Any CPU
		{50E697DF-80C2-42AA-A343-906E142126CF}.Release|Any CPU.ActiveCfg = Release|Any CPU
		{50E697DF-80C2-42AA-A343-906E142126CF}.Release|Any CPU.Build.0 = Release|Any CPU
		{2A6EA5C8-B5BC-4E2A-8EF9-99273F33D212}.Debug|Any CPU.ActiveCfg = Debug|Any CPU
		{2A6EA5C8-B5BC-4E2A-8EF9-99273F33D212}.Debug|Any CPU.Build.0 = Debug|Any CPU
		{2A6EA5C8-B5BC-4E2A-8EF9-99273F33D212}.Release|Any CPU.ActiveCfg = Release|Any CPU
		{2A6EA5C8-B5BC-4E2A-8EF9-99273F33D212}.Release|Any CPU.Build.0 = Release|Any CPU
	EndGlobalSection
EndGlobal
